// !$*UTF8*$!
{
	archiveVersion = 1;
	classes = {
	};
	objectVersion = 77;
	objects = {

/* Begin PBXBuildFile section */
		897FEFE82E0C75A8001DD5B7 /* FirebaseAI in Frameworks */ = {isa = PBXBuildFile; productRef = 897FEFE72E0C75A8001DD5B7 /* FirebaseAI */; };
		897FEFEA2E0C75A8001DD5B7 /* FirebaseAnalytics in Frameworks */ = {isa = PBXBuildFile; productRef = 897FEFE92E0C75A8001DD5B7 /* FirebaseAnalytics */; };
		897FEFEC2E0C75A8001DD5B7 /* FirebaseAnalyticsCore in Frameworks */ = {isa = PBXBuildFile; productRef = 897FEFEB2E0C75A8001DD5B7 /* FirebaseAnalyticsCore */; };
		897FEFEE2E0C75A8001DD5B7 /* FirebaseAnalyticsIdentitySupport in Frameworks */ = {isa = PBXBuildFile; productRef = 897FEFED2E0C75A8001DD5B7 /* FirebaseAnalyticsIdentitySupport */; };
		897FEFF02E0C75A8001DD5B7 /* FirebaseAnalyticsOnDeviceConversion in Frameworks */ = {isa = PBXBuildFile; productRef = 897FEFEF2E0C75A8001DD5B7 /* FirebaseAnalyticsOnDeviceConversion */; };
		897FEFFB2E0C8802001DD5B7 /* FirebaseAuth in Frameworks */ = {isa = PBXBuildFile; productRef = 897FEFFA2E0C8802001DD5B7 /* FirebaseAuth */; };
		897FEFFD2E0C885D001DD5B7 /* FirebaseFirestore in Frameworks */ = {isa = PBXBuildFile; productRef = 897FEFFC2E0C885D001DD5B7 /* FirebaseFirestore */; };
/* End PBXBuildFile section */

/* Begin PBXContainerItemProxy section */
		897FEEDC2E09F998001DD5B7 /* PBXContainerItemProxy */ = {
			isa = PBXContainerItemProxy;
			containerPortal = 897FEEC02E09F997001DD5B7 /* Project object */;
			proxyType = 1;
			remoteGlobalIDString = 897FEEC72E09F997001DD5B7;
			remoteInfo = Icebreaker;
		};
		897FEEE62E09F998001DD5B7 /* PBXContainerItemProxy */ = {
			isa = PBXContainerItemProxy;
			containerPortal = 897FEEC02E09F997001DD5B7 /* Project object */;
			proxyType = 1;
			remoteGlobalIDString = 897FEEC72E09F997001DD5B7;
			remoteInfo = Icebreaker;
		};
/* End PBXContainerItemProxy section */

/* Begin PBXFileReference section */
		897FEEC82E09F997001DD5B7 /* Icebreaker.app */ = {isa = PBXFileReference; explicitFileType = wrapper.application; includeInIndex = 0; path = Icebreaker.app; sourceTree = BUILT_PRODUCTS_DIR; };
		897FEEDB2E09F998001DD5B7 /* IcebreakerTests.xctest */ = {isa = PBXFileReference; explicitFileType = wrapper.cfbundle; includeInIndex = 0; path = IcebreakerTests.xctest; sourceTree = BUILT_PRODUCTS_DIR; };
		897FEEE52E09F998001DD5B7 /* IcebreakerUITests.xctest */ = {isa = PBXFileReference; explicitFileType = wrapper.cfbundle; includeInIndex = 0; path = IcebreakerUITests.xctest; sourceTree = BUILT_PRODUCTS_DIR; };
/* End PBXFileReference section */

/* Begin PBXFileSystemSynchronizedBuildFileExceptionSet section */
		897FEFFF2E0C8DB2001DD5B7 /* Exceptions for "Icebreaker" folder in "Icebreaker" target */ = {
			isa = PBXFileSystemSynchronizedBuildFileExceptionSet;
			membershipExceptions = (
				Info.plist,
			);
			target = 897FEEC72E09F997001DD5B7 /* Icebreaker */;
		};
/* End PBXFileSystemSynchronizedBuildFileExceptionSet section */

/* Begin PBXFileSystemSynchronizedRootGroup section */
		897FEECA2E09F997001DD5B7 /* Icebreaker */ = {
			isa = PBXFileSystemSynchronizedRootGroup;
			exceptions = (
				897FEFFF2E0C8DB2001DD5B7 /* Exceptions for "Icebreaker" folder in "Icebreaker" target */,
			);
			path = Icebreaker;
			sourceTree = "<group>";
		};
		897FEEDE2E09F998001DD5B7 /* IcebreakerTests */ = {
			isa = PBXFileSystemSynchronizedRootGroup;
			path = IcebreakerTests;
			sourceTree = "<group>";
		};
		897FEEE82E09F998001DD5B7 /* IcebreakerUITests */ = {
			isa = PBXFileSystemSynchronizedRootGroup;
			path = IcebreakerUITests;
			sourceTree = "<group>";
		};
/* End PBXFileSystemSynchronizedRootGroup section */

/* Begin PBXFrameworksBuildPhase section */
		897FEEC52E09F997001DD5B7 /* Frameworks */ = {
			isa = PBXFrameworksBuildPhase;
			buildActionMask = 2147483647;
			files = (
				897FEFEE2E0C75A8001DD5B7 /* FirebaseAnalyticsIdentitySupport in Frameworks */,
				897FEFFB2E0C8802001DD5B7 /* FirebaseAuth in Frameworks */,
				897FEFEA2E0C75A8001DD5B7 /* FirebaseAnalytics in Frameworks */,
				897FEFF02E0C75A8001DD5B7 /* FirebaseAnalyticsOnDeviceConversion in Frameworks */,
				897FEFEC2E0C75A8001DD5B7 /* FirebaseAnalyticsCore in Frameworks */,
				897FEFE82E0C75A8001DD5B7 /* FirebaseAI in Frameworks */,
				897FEFFD2E0C885D001DD5B7 /* FirebaseFirestore in Frameworks */,
			);
			runOnlyForDeploymentPostprocessing = 0;
		};
		897FEED82E09F998001DD5B7 /* Frameworks */ = {
			isa = PBXFrameworksBuildPhase;
			buildActionMask = 2147483647;
			files = (
			);
			runOnlyForDeploymentPostprocessing = 0;
		};
		897FEEE22E09F998001DD5B7 /* Frameworks */ = {
			isa = PBXFrameworksBuildPhase;
			buildActionMask = 2147483647;
			files = (
			);
			runOnlyForDeploymentPostprocessing = 0;
		};
/* End PBXFrameworksBuildPhase section */

/* Begin PBXGroup section */
		897FEEBF2E09F997001DD5B7 = {
			isa = PBXGroup;
			children = (
				897FEECA2E09F997001DD5B7 /* Icebreaker */,
				897FEEDE2E09F998001DD5B7 /* IcebreakerTests */,
				897FEEE82E09F998001DD5B7 /* IcebreakerUITests */,
				897FEFF92E0C8802001DD5B7 /* Frameworks */,
				897FEEC92E09F997001DD5B7 /* Products */,
			);
			sourceTree = "<group>";
		};
		897FEEC92E09F997001DD5B7 /* Products */ = {
			isa = PBXGroup;
			children = (
				897FEEC82E09F997001DD5B7 /* Icebreaker.app */,
				897FEEDB2E09F998001DD5B7 /* IcebreakerTests.xctest */,
				897FEEE52E09F998001DD5B7 /* IcebreakerUITests.xctest */,
			);
			name = Products;
			sourceTree = "<group>";
		};
		897FEFF92E0C8802001DD5B7 /* Frameworks */ = {
			isa = PBXGroup;
			children = (
			);
			name = Frameworks;
			sourceTree = "<group>";
		};
/* End PBXGroup section */

/* Begin PBXNativeTarget section */
		897FEEC72E09F997001DD5B7 /* Icebreaker */ = {
			isa = PBXNativeTarget;
			buildConfigurationList = 897FEEEF2E09F998001DD5B7 /* Build configuration list for PBXNativeTarget "Icebreaker" */;
			buildPhases = (
				897FEEC42E09F997001DD5B7 /* Sources */,
				897FEEC52E09F997001DD5B7 /* Frameworks */,
				897FEEC62E09F997001DD5B7 /* Resources */,
			);
			buildRules = (
			);
			dependencies = (
			);
			fileSystemSynchronizedGroups = (
				897FEECA2E09F997001DD5B7 /* Icebreaker */,
			);
			name = Icebreaker;
			packageProductDependencies = (
				897FEFE72E0C75A8001DD5B7 /* FirebaseAI */,
				897FEFE92E0C75A8001DD5B7 /* FirebaseAnalytics */,
				897FEFEB2E0C75A8001DD5B7 /* FirebaseAnalyticsCore */,
				897FEFED2E0C75A8001DD5B7 /* FirebaseAnalyticsIdentitySupport */,
				897FEFEF2E0C75A8001DD5B7 /* FirebaseAnalyticsOnDeviceConversion */,
				897FEFFA2E0C8802001DD5B7 /* FirebaseAuth */,
				897FEFFC2E0C885D001DD5B7 /* FirebaseFirestore */,
			);
			productName = Icebreaker;
			productReference = 897FEEC82E09F997001DD5B7 /* Icebreaker.app */;
			productType = "com.apple.product-type.application";
		};
		897FEEDA2E09F998001DD5B7 /* IcebreakerTests */ = {
			isa = PBXNativeTarget;
			buildConfigurationList = 897FEEF22E09F998001DD5B7 /* Build configuration list for PBXNativeTarget "IcebreakerTests" */;
			buildPhases = (
				897FEED72E09F998001DD5B7 /* Sources */,
				897FEED82E09F998001DD5B7 /* Frameworks */,
				897FEED92E09F998001DD5B7 /* Resources */,
			);
			buildRules = (
			);
			dependencies = (
				897FEEDD2E09F998001DD5B7 /* PBXTargetDependency */,
			);
			fileSystemSynchronizedGroups = (
				897FEEDE2E09F998001DD5B7 /* IcebreakerTests */,
			);
			name = IcebreakerTests;
			packageProductDependencies = (
			);
			productName = IcebreakerTests;
			productReference = 897FEEDB2E09F998001DD5B7 /* IcebreakerTests.xctest */;
			productType = "com.apple.product-type.bundle.unit-test";
		};
		897FEEE42E09F998001DD5B7 /* IcebreakerUITests */ = {
			isa = PBXNativeTarget;
			buildConfigurationList = 897FEEF52E09F998001DD5B7 /* Build configuration list for PBXNativeTarget "IcebreakerUITests" */;
			buildPhases = (
				897FEEE12E09F998001DD5B7 /* Sources */,
				897FEEE22E09F998001DD5B7 /* Frameworks */,
				897FEEE32E09F998001DD5B7 /* Resources */,
			);
			buildRules = (
			);
			dependencies = (
				897FEEE72E09F998001DD5B7 /* PBXTargetDependency */,
			);
			fileSystemSynchronizedGroups = (
				897FEEE82E09F998001DD5B7 /* IcebreakerUITests */,
			);
			name = IcebreakerUITests;
			packageProductDependencies = (
			);
			productName = IcebreakerUITests;
			productReference = 897FEEE52E09F998001DD5B7 /* IcebreakerUITests.xctest */;
			productType = "com.apple.product-type.bundle.ui-testing";
		};
/* End PBXNativeTarget section */

/* Begin PBXProject section */
		897FEEC02E09F997001DD5B7 /* Project object */ = {
			isa = PBXProject;
			attributes = {
				BuildIndependentTargetsInParallel = 1;
				LastSwiftUpdateCheck = 1640;
				LastUpgradeCheck = 1640;
				TargetAttributes = {
					897FEEC72E09F997001DD5B7 = {
						CreatedOnToolsVersion = 16.4;
					};
					897FEEDA2E09F998001DD5B7 = {
						CreatedOnToolsVersion = 16.4;
						TestTargetID = 897FEEC72E09F997001DD5B7;
					};
					897FEEE42E09F998001DD5B7 = {
						CreatedOnToolsVersion = 16.4;
						TestTargetID = 897FEEC72E09F997001DD5B7;
					};
				};
			};
			buildConfigurationList = 897FEEC32E09F997001DD5B7 /* Build configuration list for PBXProject "Icebreaker" */;
			developmentRegion = en;
			hasScannedForEncodings = 0;
			knownRegions = (
				en,
				Base,
			);
			mainGroup = 897FEEBF2E09F997001DD5B7;
			minimizedProjectReferenceProxies = 1;
			packageReferences = (
				897FEFE62E0C75A8001DD5B7 /* XCRemoteSwiftPackageReference "firebase-ios-sdk" */,
			);
			preferredProjectObjectVersion = 77;
			productRefGroup = 897FEEC92E09F997001DD5B7 /* Products */;
			projectDirPath = "";
			projectRoot = "";
			targets = (
				897FEEC72E09F997001DD5B7 /* Icebreaker */,
				897FEEDA2E09F998001DD5B7 /* IcebreakerTests */,
				897FEEE42E09F998001DD5B7 /* IcebreakerUITests */,
			);
		};
/* End PBXProject section */

/* Begin PBXResourcesBuildPhase section */
		897FEEC62E09F997001DD5B7 /* Resources */ = {
			isa = PBXResourcesBuildPhase;
			buildActionMask = 2147483647;
			files = (
			);
			runOnlyForDeploymentPostprocessing = 0;
		};
		897FEED92E09F998001DD5B7 /* Resources */ = {
			isa = PBXResourcesBuildPhase;
			buildActionMask = 2147483647;
			files = (
			);
			runOnlyForDeploymentPostprocessing = 0;
		};
		897FEEE32E09F998001DD5B7 /* Resources */ = {
			isa = PBXResourcesBuildPhase;
			buildActionMask = 2147483647;
			files = (
			);
			runOnlyForDeploymentPostprocessing = 0;
		};
/* End PBXResourcesBuildPhase section */

/* Begin PBXSourcesBuildPhase section */
		897FEEC42E09F997001DD5B7 /* Sources */ = {
			isa = PBXSourcesBuildPhase;
			buildActionMask = 2147483647;
			files = (
			);
			runOnlyForDeploymentPostprocessing = 0;
		};
		897FEED72E09F998001DD5B7 /* Sources */ = {
			isa = PBXSourcesBuildPhase;
			buildActionMask = 2147483647;
			files = (
			);
			runOnlyForDeploymentPostprocessing = 0;
		};
		897FEEE12E09F998001DD5B7 /* Sources */ = {
			isa = PBXSourcesBuildPhase;
			buildActionMask = 2147483647;
			files = (
			);
			runOnlyForDeploymentPostprocessing = 0;
		};
/* End PBXSourcesBuildPhase section */

/* Begin PBXTargetDependency section */
		897FEEDD2E09F998001DD5B7 /* PBXTargetDependency */ = {
			isa = PBXTargetDependency;
			target = 897FEEC72E09F997001DD5B7 /* Icebreaker */;
			targetProxy = 897FEEDC2E09F998001DD5B7 /* PBXContainerItemProxy */;
		};
		897FEEE72E09F998001DD5B7 /* PBXTargetDependency */ = {
			isa = PBXTargetDependency;
			target = 897FEEC72E09F997001DD5B7 /* Icebreaker */;
			targetProxy = 897FEEE62E09F998001DD5B7 /* PBXContainerItemProxy */;
		};
/* End PBXTargetDependency section */

/* Begin XCBuildConfiguration section */
		897FEEED2E09F998001DD5B7 /* Debug */ = {
			isa = XCBuildConfiguration;
			buildSettings = {
				ALWAYS_SEARCH_USER_PATHS = NO;
				ASSETCATALOG_COMPILER_GENERATE_SWIFT_ASSET_SYMBOL_EXTENSIONS = YES;
				CLANG_ANALYZER_NONNULL = YES;
				CLANG_ANALYZER_NUMBER_OBJECT_CONVERSION = YES_AGGRESSIVE;
				CLANG_CXX_LANGUAGE_STANDARD = "gnu++20";
				CLANG_ENABLE_MODULES = YES;
				CLANG_ENABLE_OBJC_ARC = YES;
				CLANG_ENABLE_OBJC_WEAK = YES;
				CLANG_WARN_BLOCK_CAPTURE_AUTORELEASING = YES;
				CLANG_WARN_BOOL_CONVERSION = YES;
				CLANG_WARN_COMMA = YES;
				CLANG_WARN_CONSTANT_CONVERSION = YES;
				CLANG_WARN_DEPRECATED_OBJC_IMPLEMENTATIONS = YES;
				CLANG_WARN_DIRECT_OBJC_ISA_USAGE = YES_ERROR;
				CLANG_WARN_DOCUMENTATION_COMMENTS = YES;
				CLANG_WARN_EMPTY_BODY = YES;
				CLANG_WARN_ENUM_CONVERSION = YES;
				CLANG_WARN_INFINITE_RECURSION = YES;
				CLANG_WARN_INT_CONVERSION = YES;
				CLANG_WARN_NON_LITERAL_NULL_CONVERSION = YES;
				CLANG_WARN_OBJC_IMPLICIT_RETAIN_SELF = YES;
				CLANG_WARN_OBJC_LITERAL_CONVERSION = YES;
				CLANG_WARN_OBJC_ROOT_CLASS = YES_ERROR;
				CLANG_WARN_QUOTED_INCLUDE_IN_FRAMEWORK_HEADER = YES;
				CLANG_WARN_RANGE_LOOP_ANALYSIS = YES;
				CLANG_WARN_STRICT_PROTOTYPES = YES;
				CLANG_WARN_SUSPICIOUS_MOVE = YES;
				CLANG_WARN_UNGUARDED_AVAILABILITY = YES_AGGRESSIVE;
				CLANG_WARN_UNREACHABLE_CODE = YES;
				CLANG_WARN__DUPLICATE_METHOD_MATCH = YES;
				COPY_PHASE_STRIP = NO;
				DEBUG_INFORMATION_FORMAT = dwarf;
				ENABLE_STRICT_OBJC_MSGSEND = YES;
				ENABLE_TESTABILITY = YES;
				ENABLE_USER_SCRIPT_SANDBOXING = YES;
				GCC_C_LANGUAGE_STANDARD = gnu17;
				GCC_DYNAMIC_NO_PIC = NO;
				GCC_NO_COMMON_BLOCKS = YES;
				GCC_OPTIMIZATION_LEVEL = 0;
				GCC_PREPROCESSOR_DEFINITIONS = (
					"DEBUG=1",
					"$(inherited)",
				);
				GCC_WARN_64_TO_32_BIT_CONVERSION = YES;
				GCC_WARN_ABOUT_RETURN_TYPE = YES_ERROR;
				GCC_WARN_UNDECLARED_SELECTOR = YES;
				GCC_WARN_UNINITIALIZED_AUTOS = YES_AGGRESSIVE;
				GCC_WARN_UNUSED_FUNCTION = YES;
				GCC_WARN_UNUSED_VARIABLE = YES;
				LOCALIZATION_PREFERS_STRING_CATALOGS = YES;
				MTL_ENABLE_DEBUG_INFO = INCLUDE_SOURCE;
				MTL_FAST_MATH = YES;
				ONLY_ACTIVE_ARCH = YES;
				SWIFT_ACTIVE_COMPILATION_CONDITIONS = "DEBUG $(inherited)";
				SWIFT_OPTIMIZATION_LEVEL = "-Onone";
			};
			name = Debug;
		};
		897FEEEE2E09F998001DD5B7 /* Release */ = {
			isa = XCBuildConfiguration;
			buildSettings = {
				ALWAYS_SEARCH_USER_PATHS = NO;
				ASSETCATALOG_COMPILER_GENERATE_SWIFT_ASSET_SYMBOL_EXTENSIONS = YES;
				CLANG_ANALYZER_NONNULL = YES;
				CLANG_ANALYZER_NUMBER_OBJECT_CONVERSION = YES_AGGRESSIVE;
				CLANG_CXX_LANGUAGE_STANDARD = "gnu++20";
				CLANG_ENABLE_MODULES = YES;
				CLANG_ENABLE_OBJC_ARC = YES;
				CLANG_ENABLE_OBJC_WEAK = YES;
				CLANG_WARN_BLOCK_CAPTURE_AUTORELEASING = YES;
				CLANG_WARN_BOOL_CONVERSION = YES;
				CLANG_WARN_COMMA = YES;
				CLANG_WARN_CONSTANT_CONVERSION = YES;
				CLANG_WARN_DEPRECATED_OBJC_IMPLEMENTATIONS = YES;
				CLANG_WARN_DIRECT_OBJC_ISA_USAGE = YES_ERROR;
				CLANG_WARN_DOCUMENTATION_COMMENTS = YES;
				CLANG_WARN_EMPTY_BODY = YES;
				CLANG_WARN_ENUM_CONVERSION = YES;
				CLANG_WARN_INFINITE_RECURSION = YES;
				CLANG_WARN_INT_CONVERSION = YES;
				CLANG_WARN_NON_LITERAL_NULL_CONVERSION = YES;
				CLANG_WARN_OBJC_IMPLICIT_RETAIN_SELF = YES;
				CLANG_WARN_OBJC_LITERAL_CONVERSION = YES;
				CLANG_WARN_OBJC_ROOT_CLASS = YES_ERROR;
				CLANG_WARN_QUOTED_INCLUDE_IN_FRAMEWORK_HEADER = YES;
				CLANG_WARN_RANGE_LOOP_ANALYSIS = YES;
				CLANG_WARN_STRICT_PROTOTYPES = YES;
				CLANG_WARN_SUSPICIOUS_MOVE = YES;
				CLANG_WARN_UNGUARDED_AVAILABILITY = YES_AGGRESSIVE;
				CLANG_WARN_UNREACHABLE_CODE = YES;
				CLANG_WARN__DUPLICATE_METHOD_MATCH = YES;
				COPY_PHASE_STRIP = NO;
				DEBUG_INFORMATION_FORMAT = "dwarf-with-dsym";
				ENABLE_NS_ASSERTIONS = NO;
				ENABLE_STRICT_OBJC_MSGSEND = YES;
				ENABLE_USER_SCRIPT_SANDBOXING = YES;
				GCC_C_LANGUAGE_STANDARD = gnu17;
				GCC_NO_COMMON_BLOCKS = YES;
				GCC_WARN_64_TO_32_BIT_CONVERSION = YES;
				GCC_WARN_ABOUT_RETURN_TYPE = YES_ERROR;
				GCC_WARN_UNDECLARED_SELECTOR = YES;
				GCC_WARN_UNINITIALIZED_AUTOS = YES_AGGRESSIVE;
				GCC_WARN_UNUSED_FUNCTION = YES;
				GCC_WARN_UNUSED_VARIABLE = YES;
				LOCALIZATION_PREFERS_STRING_CATALOGS = YES;
				MTL_ENABLE_DEBUG_INFO = NO;
				MTL_FAST_MATH = YES;
				SWIFT_COMPILATION_MODE = wholemodule;
			};
			name = Release;
		};
		897FEEF02E09F998001DD5B7 /* Debug */ = {
			isa = XCBuildConfiguration;
			buildSettings = {
				ASSETCATALOG_COMPILER_APPICON_NAME = AppIcon;
				ASSETCATALOG_COMPILER_GLOBAL_ACCENT_COLOR_NAME = AccentColor;
				CODE_SIGN_ENTITLEMENTS = Icebreaker/Icebreaker.entitlements;
				CODE_SIGN_STYLE = Automatic;
				CURRENT_PROJECT_VERSION = 1;
				ENABLE_PREVIEWS = YES;
				GENERATE_INFOPLIST_FILE = YES;
				INFOPLIST_FILE = Icebreaker/Info.plist;
				INFOPLIST_KEY_NSLocationAlwaysAndWhenInUseUsageDescription = "Icebreaker uses location to connect you with people around you";
				INFOPLIST_KEY_NSLocationWhenInUseUsageDescription = "Icebreaker needs location access to find people nearby for connections";
				"INFOPLIST_KEY_UIApplicationSceneManifest_Generation[sdk=iphoneos*]" = YES;
				"INFOPLIST_KEY_UIApplicationSceneManifest_Generation[sdk=iphonesimulator*]" = YES;
				"INFOPLIST_KEY_UIApplicationSupportsIndirectInputEvents[sdk=iphoneos*]" = YES;
				"INFOPLIST_KEY_UIApplicationSupportsIndirectInputEvents[sdk=iphonesimulator*]" = YES;
				"INFOPLIST_KEY_UILaunchScreen_Generation[sdk=iphoneos*]" = YES;
				"INFOPLIST_KEY_UILaunchScreen_Generation[sdk=iphonesimulator*]" = YES;
				"INFOPLIST_KEY_UIStatusBarStyle[sdk=iphoneos*]" = UIStatusBarStyleDefault;
				"INFOPLIST_KEY_UIStatusBarStyle[sdk=iphonesimulator*]" = UIStatusBarStyleDefault;
				INFOPLIST_KEY_UISupportedInterfaceOrientations_iPad = "UIInterfaceOrientationPortrait UIInterfaceOrientationPortraitUpsideDown UIInterfaceOrientationLandscapeLeft UIInterfaceOrientationLandscapeRight";
				INFOPLIST_KEY_UISupportedInterfaceOrientations_iPhone = "UIInterfaceOrientationPortrait UIInterfaceOrientationLandscapeLeft UIInterfaceOrientationLandscapeRight";
				IPHONEOS_DEPLOYMENT_TARGET = 18.5;
				LD_RUNPATH_SEARCH_PATHS = "@executable_path/Frameworks";
				"LD_RUNPATH_SEARCH_PATHS[sdk=macosx*]" = "@executable_path/../Frameworks";
				MACOSX_DEPLOYMENT_TARGET = 15.5;
				MARKETING_VERSION = 1.0;
				PRODUCT_BUNDLE_IDENTIFIER = com.simon.Icebreaker;
				PRODUCT_NAME = "$(TARGET_NAME)";
				REGISTER_APP_GROUPS = YES;
				SDKROOT = auto;
				SUPPORTED_PLATFORMS = "iphoneos iphonesimulator macosx xros xrsimulator";
				SWIFT_EMIT_LOC_STRINGS = YES;
				SWIFT_VERSION = 5.0;
				TARGETED_DEVICE_FAMILY = "1,2,7";
				XROS_DEPLOYMENT_TARGET = 2.5;
			};
			name = Debug;
		};
		897FEEF12E09F998001DD5B7 /* Release */ = {
			isa = XCBuildConfiguration;
			buildSettings = {
				ASSETCATALOG_COMPILER_APPICON_NAME = AppIcon;
				ASSETCATALOG_COMPILER_GLOBAL_ACCENT_COLOR_NAME = AccentColor;
				CODE_SIGN_ENTITLEMENTS = Icebreaker/Icebreaker.entitlements;
				CODE_SIGN_STYLE = Automatic;
				CURRENT_PROJECT_VERSION = 1;
				ENABLE_PREVIEWS = YES;
				GENERATE_INFOPLIST_FILE = YES;
				INFOPLIST_FILE = Icebreaker/Info.plist;
				INFOPLIST_KEY_NSLocationAlwaysAndWhenInUseUsageDescription = "Icebreaker uses location to connect you with people around you";
				INFOPLIST_KEY_NSLocationWhenInUseUsageDescription = "Icebreaker needs location access to find people nearby for connections";
				"INFOPLIST_KEY_UIApplicationSceneManifest_Generation[sdk=iphoneos*]" = YES;
				"INFOPLIST_KEY_UIApplicationSceneManifest_Generation[sdk=iphonesimulator*]" = YES;
				"INFOPLIST_KEY_UIApplicationSupportsIndirectInputEvents[sdk=iphoneos*]" = YES;
				"INFOPLIST_KEY_UIApplicationSupportsIndirectInputEvents[sdk=iphonesimulator*]" = YES;
				"INFOPLIST_KEY_UILaunchScreen_Generation[sdk=iphoneos*]" = YES;
				"INFOPLIST_KEY_UILaunchScreen_Generation[sdk=iphonesimulator*]" = YES;
				"INFOPLIST_KEY_UIStatusBarStyle[sdk=iphoneos*]" = UIStatusBarStyleDefault;
				"INFOPLIST_KEY_UIStatusBarStyle[sdk=iphonesimulator*]" = UIStatusBarStyleDefault;
				INFOPLIST_KEY_UISupportedInterfaceOrientations_iPad = "UIInterfaceOrientationPortrait UIInterfaceOrientationPortraitUpsideDown UIInterfaceOrientationLandscapeLeft UIInterfaceOrientationLandscapeRight";
				INFOPLIST_KEY_UISupportedInterfaceOrientations_iPhone = "UIInterfaceOrientationPortrait UIInterfaceOrientationLandscapeLeft UIInterfaceOrientationLandscapeRight";
				IPHONEOS_DEPLOYMENT_TARGET = 18.5;
				LD_RUNPATH_SEARCH_PATHS = "@executable_path/Frameworks";
				"LD_RUNPATH_SEARCH_PATHS[sdk=macosx*]" = "@executable_path/../Frameworks";
				MACOSX_DEPLOYMENT_TARGET = 15.5;
				MARKETING_VERSION = 1.0;
				PRODUCT_BUNDLE_IDENTIFIER = com.simon.Icebreaker;
				PRODUCT_NAME = "$(TARGET_NAME)";
				REGISTER_APP_GROUPS = YES;
				SDKROOT = auto;
				SUPPORTED_PLATFORMS = "iphoneos iphonesimulator macosx xros xrsimulator";
				SWIFT_EMIT_LOC_STRINGS = YES;
				SWIFT_VERSION = 5.0;
				TARGETED_DEVICE_FAMILY = "1,2,7";
				XROS_DEPLOYMENT_TARGET = 2.5;
			};
			name = Release;
		};
		897FEEF32E09F998001DD5B7 /* Debug */ = {
			isa = XCBuildConfiguration;
			buildSettings = {
				BUNDLE_LOADER = "$(TEST_HOST)";
				CODE_SIGN_STYLE = Automatic;
				CURRENT_PROJECT_VERSION = 1;
				GENERATE_INFOPLIST_FILE = YES;
				IPHONEOS_DEPLOYMENT_TARGET = 18.5;
				MACOSX_DEPLOYMENT_TARGET = 15.5;
				MARKETING_VERSION = 1.0;
				PRODUCT_BUNDLE_IDENTIFIER = com.simon.IcebreakerTests;
				PRODUCT_NAME = "$(TARGET_NAME)";
				SDKROOT = auto;
				SUPPORTED_PLATFORMS = "iphoneos iphonesimulator macosx xros xrsimulator";
				SWIFT_EMIT_LOC_STRINGS = NO;
				SWIFT_VERSION = 5.0;
				TARGETED_DEVICE_FAMILY = "1,2,7";
				TEST_HOST = "$(BUILT_PRODUCTS_DIR)/Icebreaker.app/$(BUNDLE_EXECUTABLE_FOLDER_PATH)/Icebreaker";
				XROS_DEPLOYMENT_TARGET = 2.5;
			};
			name = Debug;
		};
		897FEEF42E09F998001DD5B7 /* Release */ = {
			isa = XCBuildConfiguration;
			buildSettings = {
				BUNDLE_LOADER = "$(TEST_HOST)";
				CODE_SIGN_STYLE = Automatic;
				CURRENT_PROJECT_VERSION = 1;
				GENERATE_INFOPLIST_FILE = YES;
				IPHONEOS_DEPLOYMENT_TARGET = 18.5;
				MACOSX_DEPLOYMENT_TARGET = 15.5;
				MARKETING_VERSION = 1.0;
				PRODUCT_BUNDLE_IDENTIFIER = com.simon.IcebreakerTests;
				PRODUCT_NAME = "$(TARGET_NAME)";
				SDKROOT = auto;
				SUPPORTED_PLATFORMS = "iphoneos iphonesimulator macosx xros xrsimulator";
				SWIFT_EMIT_LOC_STRINGS = NO;
				SWIFT_VERSION = 5.0;
				TARGETED_DEVICE_FAMILY = "1,2,7";
				TEST_HOST = "$(BUILT_PRODUCTS_DIR)/Icebreaker.app/$(BUNDLE_EXECUTABLE_FOLDER_PATH)/Icebreaker";
				XROS_DEPLOYMENT_TARGET = 2.5;
			};
			name = Release;
		};
		897FEEF62E09F998001DD5B7 /* Debug */ = {
			isa = XCBuildConfiguration;
			buildSettings = {
				CODE_SIGN_STYLE = Automatic;
				CURRENT_PROJECT_VERSION = 1;
				GENERATE_INFOPLIST_FILE = YES;
				IPHONEOS_DEPLOYMENT_TARGET = 18.5;
				MACOSX_DEPLOYMENT_TARGET = 15.5;
				MARKETING_VERSION = 1.0;
				PRODUCT_BUNDLE_IDENTIFIER = com.simon.IcebreakerUITests;
				PRODUCT_NAME = "$(TARGET_NAME)";
				SDKROOT = auto;
				SUPPORTED_PLATFORMS = "iphoneos iphonesimulator macosx xros xrsimulator";
				SWIFT_EMIT_LOC_STRINGS = NO;
				SWIFT_VERSION = 5.0;
				TARGETED_DEVICE_FAMILY = "1,2,7";
				TEST_TARGET_NAME = Icebreaker;
				XROS_DEPLOYMENT_TARGET = 2.5;
			};
			name = Debug;
		};
		897FEEF72E09F998001DD5B7 /* Release */ = {
			isa = XCBuildConfiguration;
			buildSettings = {
				CODE_SIGN_STYLE = Automatic;
				CURRENT_PROJECT_VERSION = 1;
				GENERATE_INFOPLIST_FILE = YES;
				IPHONEOS_DEPLOYMENT_TARGET = 18.5;
				MACOSX_DEPLOYMENT_TARGET = 15.5;
				MARKETING_VERSION = 1.0;
				PRODUCT_BUNDLE_IDENTIFIER = com.simon.IcebreakerUITests;
				PRODUCT_NAME = "$(TARGET_NAME)";
				SDKROOT = auto;
				SUPPORTED_PLATFORMS = "iphoneos iphonesimulator macosx xros xrsimulator";
				SWIFT_EMIT_LOC_STRINGS = NO;
				SWIFT_VERSION = 5.0;
				TARGETED_DEVICE_FAMILY = "1,2,7";
				TEST_TARGET_NAME = Icebreaker;
				XROS_DEPLOYMENT_TARGET = 2.5;
			};
			name = Release;
		};
/* End XCBuildConfiguration section */

/* Begin XCConfigurationList section */
		897FEEC32E09F997001DD5B7 /* Build configuration list for PBXProject "Icebreaker" */ = {
			isa = XCConfigurationList;
			buildConfigurations = (
				897FEEED2E09F998001DD5B7 /* Debug */,
				897FEEEE2E09F998001DD5B7 /* Release */,
			);
			defaultConfigurationIsVisible = 0;
			defaultConfigurationName = Release;
		};
		897FEEEF2E09F998001DD5B7 /* Build configuration list for PBXNativeTarget "Icebreaker" */ = {
			isa = XCConfigurationList;
			buildConfigurations = (
				897FEEF02E09F998001DD5B7 /* Debug */,
				897FEEF12E09F998001DD5B7 /* Release */,
			);
			defaultConfigurationIsVisible = 0;
			defaultConfigurationName = Release;
		};
		897FEEF22E09F998001DD5B7 /* Build configuration list for PBXNativeTarget "IcebreakerTests" */ = {
			isa = XCConfigurationList;
			buildConfigurations = (
				897FEEF32E09F998001DD5B7 /* Debug */,
				897FEEF42E09F998001DD5B7 /* Release */,
			);
			defaultConfigurationIsVisible = 0;
			defaultConfigurationName = Release;
		};
		897FEEF52E09F998001DD5B7 /* Build configuration list for PBXNativeTarget "IcebreakerUITests" */ = {
			isa = XCConfigurationList;
			buildConfigurations = (
				897FEEF62E09F998001DD5B7 /* Debug */,
				897FEEF72E09F998001DD5B7 /* Release */,
			);
			defaultConfigurationIsVisible = 0;
			defaultConfigurationName = Release;
		};
/* End XCConfigurationList section */

/* Begin XCRemoteSwiftPackageReference section */
		897FEFE62E0C75A8001DD5B7 /* XCRemoteSwiftPackageReference "firebase-ios-sdk" */ = {
			isa = XCRemoteSwiftPackageReference;
			repositoryURL = "https://github.com/firebase/firebase-ios-sdk";
			requirement = {
				kind = upToNextMajorVersion;
				minimumVersion = 11.15.0;
			};
		};
/* End XCRemoteSwiftPackageReference section */

/* Begin XCSwiftPackageProductDependency section */
		897FEFE72E0C75A8001DD5B7 /* FirebaseAI */ = {
			isa = XCSwiftPackageProductDependency;
			package = 897FEFE62E0C75A8001DD5B7 /* XCRemoteSwiftPackageReference "firebase-ios-sdk" */;
			productName = FirebaseAI;
		};
		897FEFE92E0C75A8001DD5B7 /* FirebaseAnalytics */ = {
			isa = XCSwiftPackageProductDependency;
			package = 897FEFE62E0C75A8001DD5B7 /* XCRemoteSwiftPackageReference "firebase-ios-sdk" */;
			productName = FirebaseAnalytics;
		};
		897FEFEB2E0C75A8001DD5B7 /* FirebaseAnalyticsCore */ = {
			isa = XCSwiftPackageProductDependency;
			package = 897FEFE62E0C75A8001DD5B7 /* XCRemoteSwiftPackageReference "firebase-ios-sdk" */;
			productName = FirebaseAnalyticsCore;
		};
		897FEFED2E0C75A8001DD5B7 /* FirebaseAnalyticsIdentitySupport */ = {
			isa = XCSwiftPackageProductDependency;
			package = 897FEFE62E0C75A8001DD5B7 /* XCRemoteSwiftPackageReference "firebase-ios-sdk" */;
			productName = FirebaseAnalyticsIdentitySupport;
		};
		897FEFEF2E0C75A8001DD5B7 /* FirebaseAnalyticsOnDeviceConversion */ = {
			isa = XCSwiftPackageProductDependency;
			package = 897FEFE62E0C75A8001DD5B7 /* XCRemoteSwiftPackageReference "firebase-ios-sdk" */;
			productName = FirebaseAnalyticsOnDeviceConversion;
		};
		897FEFFA2E0C8802001DD5B7 /* FirebaseAuth */ = {
			isa = XCSwiftPackageProductDependency;
			package = 897FEFE62E0C75A8001DD5B7 /* XCRemoteSwiftPackageReference "firebase-ios-sdk" */;
			productName = FirebaseAuth;
		};
		897FEFFC2E0C885D001DD5B7 /* FirebaseFirestore */ = {
			isa = XCSwiftPackageProductDependency;
			package = 897FEFE62E0C75A8001DD5B7 /* XCRemoteSwiftPackageReference "firebase-ios-sdk" */;
			productName = FirebaseFirestore;
		};
/* End XCSwiftPackageProductDependency section */
	};
	rootObject = 897FEEC02E09F997001DD5B7 /* Project object */;
}
